
Microsoft Visual Studio Solution File, Format Version 11.00
# Visual Studio 2010
Project("{FAE04EC0-301F-11D3-BF4B-00C04F79EFBC}") = "WpfApplication1", "WpfApplication1.csproj", "{FE004EF5-9C9D-402D-A54B-93D10A69A703}"
EndProject
Project("{FAE04EC0-301F-11D3-BF4B-00C04F79EFBC}") = "Rabbit.Controls", "..\Rabbit.Controls\Rabbit.Controls.csproj", "{700E19E8-CA3F-44AF-9DC3-835C76DFA3D2}"
EndProject
Global
	GlobalSection(SolutionConfigurationPlatforms) = preSolution
		Debug|Any CPU = Debug|Any CPU
		Release|Any CPU = Release|Any CPU
	EndGlobalSection
	GlobalSection(ProjectConfigurationPlatforms) = postSolution
		{FE004EF5-9C9D-402D-A54B-93D10A69A703}.Debug|Any CPU.ActiveCfg = Debug|Any CPU
		{FE004EF5-9C9D-402D-A54B-93D10A69A703}.Debug|Any CPU.Build.0 = Debug|Any CPU
		{FE004EF5-9C9D-402D-A54B-93D10A69A703}.Release|Any CPU.ActiveCfg = Release|Any CPU
		{FE004EF5-9C9D-402D-A54B-93D10A69A703}.Release|Any CPU.Build.0 = Release|Any CPU
		{700E19E8-CA3F-44AF-9DC3-835C76DFA3D2}.Debug|Any CPU.ActiveCfg = Debug|Any CPU
		{700E19E8-CA3F-44AF-9DC3-835C76DFA3D2}.Debug|Any CPU.Build.0 = Debug|Any CPU
		{700E19E8-CA3F-44AF-9DC3-835C76DFA3D2}.Release|Any CPU.ActiveCfg = Release|Any CPU
		{700E19E8-CA3F-44AF-9DC3-835C76DFA3D2}.Release|Any CPU.Build.0 = Release|Any CPU
	EndGlobalSection
	GlobalSection(SolutionProperties) = preSolution
		HideSolutionNode = FALSE
	EndGlobalSection
EndGlobal
